// !$*UTF8*$!
{
	archiveVersion = 1;
	classes = {
	};
	objectVersion = 56;
	objects = {

/* Begin PBXBuildFile section */
		40074C662C179C9600BEB1A4 /* UserInfoVC.swift in Sources */ = {isa = PBXBuildFile; fileRef = 40074C652C179C9600BEB1A4 /* UserInfoVC.swift */; };
		4035C8082C0D67E9002BE09C /* ErrorMessage.swift in Sources */ = {isa = PBXBuildFile; fileRef = 4035C8072C0D67E9002BE09C /* ErrorMessage.swift */; };
		4035C80B2C0D73CD002BE09C /* FollowerCell.swift in Sources */ = {isa = PBXBuildFile; fileRef = 4035C80A2C0D73CC002BE09C /* FollowerCell.swift */; };
		4035C80D2C0D754B002BE09C /* GFAvatarImageView.swift in Sources */ = {isa = PBXBuildFile; fileRef = 4035C80C2C0D754B002BE09C /* GFAvatarImageView.swift */; };
		4035C80F2C102836002BE09C /* UIHelper.swift in Sources */ = {isa = PBXBuildFile; fileRef = 4035C80E2C102836002BE09C /* UIHelper.swift */; };
		403E45082C1E270F0021EA1D /* GFItemInfoView.swift in Sources */ = {isa = PBXBuildFile; fileRef = 403E45072C1E270F0021EA1D /* GFItemInfoView.swift */; };
		403E450A2C1E39F40021EA1D /* GFItemInfoSuperClassVC.swift in Sources */ = {isa = PBXBuildFile; fileRef = 403E45092C1E39F40021EA1D /* GFItemInfoSuperClassVC.swift */; };
		403E450C2C1E3F6D0021EA1D /* FollowerListVC.swift in Sources */ = {isa = PBXBuildFile; fileRef = 403E450B2C1E3F6D0021EA1D /* FollowerListVC.swift */; };
		4045F6172C01978500422790 /* GFButton.swift in Sources */ = {isa = PBXBuildFile; fileRef = 4045F6162C01978500422790 /* GFButton.swift */; };
		405EBE8F2C01C58F00A46C5D /* GFTextField.swift in Sources */ = {isa = PBXBuildFile; fileRef = 405EBE8E2C01C58F00A46C5D /* GFTextField.swift */; };
		405EBE942C06868600A46C5D /* GFTitleLabel.swift in Sources */ = {isa = PBXBuildFile; fileRef = 405EBE932C06868500A46C5D /* GFTitleLabel.swift */; };
		405EBE962C06891400A46C5D /* GFBodyLabel.swift in Sources */ = {isa = PBXBuildFile; fileRef = 405EBE952C06891400A46C5D /* GFBodyLabel.swift */; };
		405EBE982C068A9B00A46C5D /* GFAlertChildVC.swift in Sources */ = {isa = PBXBuildFile; fileRef = 405EBE972C068A9B00A46C5D /* GFAlertChildVC.swift */; };
		405EBE9A2C068C6700A46C5D /* GFAlertContainerView.swift in Sources */ = {isa = PBXBuildFile; fileRef = 405EBE992C068C6700A46C5D /* GFAlertContainerView.swift */; };
		405EBE9C2C0906F600A46C5D /* UIViewController+Ext.swift in Sources */ = {isa = PBXBuildFile; fileRef = 405EBE9B2C0906F600A46C5D /* UIViewController+Ext.swift */; };
		406889D02C19EF2A0064DA4C /* GFUserInfoHeaderChildVC.swift in Sources */ = {isa = PBXBuildFile; fileRef = 406889CF2C19EF2A0064DA4C /* GFUserInfoHeaderChildVC.swift */; };
		406889D22C19F0BC0064DA4C /* GFSecondaryTitleLabel.swift in Sources */ = {isa = PBXBuildFile; fileRef = 406889D12C19F0BC0064DA4C /* GFSecondaryTitleLabel.swift */; };
		40AFCC0B2C0A830A00A60EE7 /* 0. regular expressions.swift in Sources */ = {isa = PBXBuildFile; fileRef = 40AFCC0A2C0A830A00A60EE7 /* 0. regular expressions.swift */; };
		40AFCC0E2C0A848100A60EE7 /* Follower.swift in Sources */ = {isa = PBXBuildFile; fileRef = 40AFCC0D2C0A848100A60EE7 /* Follower.swift */; };
		40AFCC102C0A86CF00A60EE7 /* User.swift in Sources */ = {isa = PBXBuildFile; fileRef = 40AFCC0F2C0A86CF00A60EE7 /* User.swift */; };
		40AFCC132C0A95F400A60EE7 /* NetworkManager.swift in Sources */ = {isa = PBXBuildFile; fileRef = 40AFCC122C0A95F400A60EE7 /* NetworkManager.swift */; };
		40B47B032C13D2DA00412814 /* GFEmptyStateView.swift in Sources */ = {isa = PBXBuildFile; fileRef = 40B47B022C13D2DA00412814 /* GFEmptyStateView.swift */; };
		40BD42362C1CC3BB00CE5C55 /* Constants.swift in Sources */ = {isa = PBXBuildFile; fileRef = 40BD42352C1CC3BB00CE5C55 /* Constants.swift */; };
		40C676DE2C0094DC006B64F8 /* AppDelegate.swift in Sources */ = {isa = PBXBuildFile; fileRef = 40C676DD2C0094DC006B64F8 /* AppDelegate.swift */; };
		40C676E02C0094DC006B64F8 /* SceneDelegate.swift in Sources */ = {isa = PBXBuildFile; fileRef = 40C676DF2C0094DC006B64F8 /* SceneDelegate.swift */; };
		40C676E82C0094DC006B64F8 /* GHFollowers.xcdatamodeld in Sources */ = {isa = PBXBuildFile; fileRef = 40C676E62C0094DC006B64F8 /* GHFollowers.xcdatamodeld */; };
		40C676EA2C0094DF006B64F8 /* Assets.xcassets in Resources */ = {isa = PBXBuildFile; fileRef = 40C676E92C0094DF006B64F8 /* Assets.xcassets */; };
		40C676ED2C0094DF006B64F8 /* Base in Resources */ = {isa = PBXBuildFile; fileRef = 40C676EC2C0094DF006B64F8 /* Base */; };
		40C676F72C018006006B64F8 /* SearchVC.swift in Sources */ = {isa = PBXBuildFile; fileRef = 40C676F62C018006006B64F8 /* SearchVC.swift */; };
		40C676F92C018073006B64F8 /* FavoritesListVC.swift in Sources */ = {isa = PBXBuildFile; fileRef = 40C676F82C018073006B64F8 /* FavoritesListVC.swift */; };
/* End PBXBuildFile section */

/* Begin PBXFileReference section */
		40074C652C179C9600BEB1A4 /* UserInfoVC.swift */ = {isa = PBXFileReference; lastKnownFileType = sourcecode.swift; path = UserInfoVC.swift; sourceTree = "<group>"; };
		4035C8072C0D67E9002BE09C /* ErrorMessage.swift */ = {isa = PBXFileReference; lastKnownFileType = sourcecode.swift; path = ErrorMessage.swift; sourceTree = "<group>"; };
		4035C80A2C0D73CC002BE09C /* FollowerCell.swift */ = {isa = PBXFileReference; lastKnownFileType = sourcecode.swift; path = FollowerCell.swift; sourceTree = "<group>"; };
		4035C80C2C0D754B002BE09C /* GFAvatarImageView.swift */ = {isa = PBXFileReference; lastKnownFileType = sourcecode.swift; path = GFAvatarImageView.swift; sourceTree = "<group>"; };
		4035C80E2C102836002BE09C /* UIHelper.swift */ = {isa = PBXFileReference; lastKnownFileType = sourcecode.swift; path = UIHelper.swift; sourceTree = "<group>"; };
		403E45072C1E270F0021EA1D /* GFItemInfoView.swift */ = {isa = PBXFileReference; lastKnownFileType = sourcecode.swift; path = GFItemInfoView.swift; sourceTree = "<group>"; };
		403E45092C1E39F40021EA1D /* GFItemInfoSuperClassVC.swift */ = {isa = PBXFileReference; lastKnownFileType = sourcecode.swift; path = GFItemInfoSuperClassVC.swift; sourceTree = "<group>"; };
		403E450B2C1E3F6D0021EA1D /* FollowerListVC.swift */ = {isa = PBXFileReference; lastKnownFileType = sourcecode.swift; path = FollowerListVC.swift; sourceTree = "<group>"; };
		4045F6162C01978500422790 /* GFButton.swift */ = {isa = PBXFileReference; lastKnownFileType = sourcecode.swift; path = GFButton.swift; sourceTree = "<group>"; };
		405EBE8E2C01C58F00A46C5D /* GFTextField.swift */ = {isa = PBXFileReference; lastKnownFileType = sourcecode.swift; path = GFTextField.swift; sourceTree = "<group>"; };
		405EBE932C06868500A46C5D /* GFTitleLabel.swift */ = {isa = PBXFileReference; lastKnownFileType = sourcecode.swift; path = GFTitleLabel.swift; sourceTree = "<group>"; };
		405EBE952C06891400A46C5D /* GFBodyLabel.swift */ = {isa = PBXFileReference; lastKnownFileType = sourcecode.swift; path = GFBodyLabel.swift; sourceTree = "<group>"; };
		405EBE972C068A9B00A46C5D /* GFAlertChildVC.swift */ = {isa = PBXFileReference; lastKnownFileType = sourcecode.swift; path = GFAlertChildVC.swift; sourceTree = "<group>"; };
		405EBE992C068C6700A46C5D /* GFAlertContainerView.swift */ = {isa = PBXFileReference; lastKnownFileType = sourcecode.swift; path = GFAlertContainerView.swift; sourceTree = "<group>"; };
		405EBE9B2C0906F600A46C5D /* UIViewController+Ext.swift */ = {isa = PBXFileReference; lastKnownFileType = sourcecode.swift; path = "UIViewController+Ext.swift"; sourceTree = "<group>"; };
		406889CF2C19EF2A0064DA4C /* GFUserInfoHeaderChildVC.swift */ = {isa = PBXFileReference; lastKnownFileType = sourcecode.swift; path = GFUserInfoHeaderChildVC.swift; sourceTree = "<group>"; };
		406889D12C19F0BC0064DA4C /* GFSecondaryTitleLabel.swift */ = {isa = PBXFileReference; lastKnownFileType = sourcecode.swift; path = GFSecondaryTitleLabel.swift; sourceTree = "<group>"; };
		40AFCC0A2C0A830A00A60EE7 /* 0. regular expressions.swift */ = {isa = PBXFileReference; fileEncoding = 4; lastKnownFileType = sourcecode.swift; path = "0. regular expressions.swift"; sourceTree = "<group>"; };
		40AFCC0D2C0A848100A60EE7 /* Follower.swift */ = {isa = PBXFileReference; lastKnownFileType = sourcecode.swift; path = Follower.swift; sourceTree = "<group>"; };
		40AFCC0F2C0A86CF00A60EE7 /* User.swift */ = {isa = PBXFileReference; lastKnownFileType = sourcecode.swift; path = User.swift; sourceTree = "<group>"; };
		40AFCC122C0A95F400A60EE7 /* NetworkManager.swift */ = {isa = PBXFileReference; lastKnownFileType = sourcecode.swift; path = NetworkManager.swift; sourceTree = "<group>"; };
		40B47B022C13D2DA00412814 /* GFEmptyStateView.swift */ = {isa = PBXFileReference; lastKnownFileType = sourcecode.swift; path = GFEmptyStateView.swift; sourceTree = "<group>"; };
		40BD42352C1CC3BB00CE5C55 /* Constants.swift */ = {isa = PBXFileReference; lastKnownFileType = sourcecode.swift; path = Constants.swift; sourceTree = "<group>"; };
		40C676DA2C0094DC006B64F8 /* GHFollowers.app */ = {isa = PBXFileReference; explicitFileType = wrapper.application; includeInIndex = 0; path = GHFollowers.app; sourceTree = BUILT_PRODUCTS_DIR; };
		40C676DD2C0094DC006B64F8 /* AppDelegate.swift */ = {isa = PBXFileReference; lastKnownFileType = sourcecode.swift; path = AppDelegate.swift; sourceTree = "<group>"; };
		40C676DF2C0094DC006B64F8 /* SceneDelegate.swift */ = {isa = PBXFileReference; lastKnownFileType = sourcecode.swift; path = SceneDelegate.swift; sourceTree = "<group>"; };
		40C676E72C0094DC006B64F8 /* GHFollowers.xcdatamodel */ = {isa = PBXFileReference; lastKnownFileType = wrapper.xcdatamodel; path = GHFollowers.xcdatamodel; sourceTree = "<group>"; };
		40C676E92C0094DF006B64F8 /* Assets.xcassets */ = {isa = PBXFileReference; lastKnownFileType = folder.assetcatalog; path = Assets.xcassets; sourceTree = "<group>"; };
		40C676EC2C0094DF006B64F8 /* Base */ = {isa = PBXFileReference; lastKnownFileType = file.storyboard; name = Base; path = Base.lproj/LaunchScreen.storyboard; sourceTree = "<group>"; };
		40C676EE2C0094DF006B64F8 /* Info.plist */ = {isa = PBXFileReference; lastKnownFileType = text.plist.xml; path = Info.plist; sourceTree = "<group>"; };
		40C676F62C018006006B64F8 /* SearchVC.swift */ = {isa = PBXFileReference; lastKnownFileType = sourcecode.swift; path = SearchVC.swift; sourceTree = "<group>"; };
		40C676F82C018073006B64F8 /* FavoritesListVC.swift */ = {isa = PBXFileReference; lastKnownFileType = sourcecode.swift; path = FavoritesListVC.swift; sourceTree = "<group>"; };
/* End PBXFileReference section */

/* Begin PBXFrameworksBuildPhase section */
		40C676D72C0094DC006B64F8 /* Frameworks */ = {
			isa = PBXFrameworksBuildPhase;
			buildActionMask = 2147483647;
			files = (
			);
			runOnlyForDeploymentPostprocessing = 0;
		};
/* End PBXFrameworksBuildPhase section */

/* Begin PBXGroup section */
		401E77562C12D35B00CBCB4D /* Views */ = {
			isa = PBXGroup;
			children = (
				405EBE992C068C6700A46C5D /* GFAlertContainerView.swift */,
				40B47B022C13D2DA00412814 /* GFEmptyStateView.swift */,
				403E45072C1E270F0021EA1D /* GFItemInfoView.swift */,
			);
			path = Views;
			sourceTree = "<group>";
		};
		401E77572C12D36200CBCB4D /* Buttons */ = {
			isa = PBXGroup;
			children = (
				4045F6162C01978500422790 /* GFButton.swift */,
			);
			path = Buttons;
			sourceTree = "<group>";
		};
		401E77582C12D37700CBCB4D /* TextFields */ = {
			isa = PBXGroup;
			children = (
				405EBE8E2C01C58F00A46C5D /* GFTextField.swift */,
			);
			path = TextFields;
			sourceTree = "<group>";
		};
		401E77592C12D38300CBCB4D /* ImageViews */ = {
			isa = PBXGroup;
			children = (
				4035C80C2C0D754B002BE09C /* GFAvatarImageView.swift */,
			);
			path = ImageViews;
			sourceTree = "<group>";
		};
		401E775A2C12D42A00CBCB4D /* ChildViewControllers */ = {
			isa = PBXGroup;
			children = (
				405EBE972C068A9B00A46C5D /* GFAlertChildVC.swift */,
				406889CF2C19EF2A0064DA4C /* GFUserInfoHeaderChildVC.swift */,
				403E45092C1E39F40021EA1D /* GFItemInfoSuperClassVC.swift */,
			);
			path = ChildViewControllers;
			sourceTree = "<group>";
		};
		401E775B2C12D49300CBCB4D /* Labels */ = {
			isa = PBXGroup;
			children = (
				405EBE932C06868500A46C5D /* GFTitleLabel.swift */,
				406889D12C19F0BC0064DA4C /* GFSecondaryTitleLabel.swift */,
				405EBE952C06891400A46C5D /* GFBodyLabel.swift */,
			);
			path = Labels;
			sourceTree = "<group>";
		};
		4035C8062C0D6790002BE09C /* Utilities */ = {
			isa = PBXGroup;
			children = (
				4035C8072C0D67E9002BE09C /* ErrorMessage.swift */,
				40BD42352C1CC3BB00CE5C55 /* Constants.swift */,
				4035C80E2C102836002BE09C /* UIHelper.swift */,
			);
			path = Utilities;
			sourceTree = "<group>";
		};
		4035C8092C0D736A002BE09C /* Cells */ = {
			isa = PBXGroup;
			children = (
				4035C80A2C0D73CC002BE09C /* FollowerCell.swift */,
			);
			path = Cells;
			sourceTree = "<group>";
		};
		4045F6152C0189CE00422790 /* Screens */ = {
			isa = PBXGroup;
			children = (
				40C676F62C018006006B64F8 /* SearchVC.swift */,
				40C676F82C018073006B64F8 /* FavoritesListVC.swift */,
				403E450B2C1E3F6D0021EA1D /* FollowerListVC.swift */,
				40074C652C179C9600BEB1A4 /* UserInfoVC.swift */,
			);
			path = Screens;
			sourceTree = "<group>";
		};
		405EBE902C01CF1500A46C5D /* Custom Views */ = {
			isa = PBXGroup;
			children = (
				401E775B2C12D49300CBCB4D /* Labels */,
				401E77592C12D38300CBCB4D /* ImageViews */,
				401E77582C12D37700CBCB4D /* TextFields */,
				401E77572C12D36200CBCB4D /* Buttons */,
				401E77562C12D35B00CBCB4D /* Views */,
				401E775A2C12D42A00CBCB4D /* ChildViewControllers */,
				4035C8092C0D736A002BE09C /* Cells */,
			);
			path = "Custom Views";
			sourceTree = "<group>";
		};
		405EBE9E2C090CF600A46C5D /* Extensions */ = {
			isa = PBXGroup;
			children = (
				405EBE9B2C0906F600A46C5D /* UIViewController+Ext.swift */,
			);
			path = Extensions;
			sourceTree = "<group>";
		};
		405EBE9F2C0912DA00A46C5D /* Support */ = {
			isa = PBXGroup;
			children = (
				40AFCC0A2C0A830A00A60EE7 /* 0. regular expressions.swift */,
				40C676DD2C0094DC006B64F8 /* AppDelegate.swift */,
				40C676DF2C0094DC006B64F8 /* SceneDelegate.swift */,
				40C676E92C0094DF006B64F8 /* Assets.xcassets */,
				40C676EB2C0094DF006B64F8 /* LaunchScreen.storyboard */,
				40C676E62C0094DC006B64F8 /* GHFollowers.xcdatamodeld */,
			);
			path = Support;
			sourceTree = "<group>";
		};
		40AFCC0C2C0A846900A60EE7 /* Models */ = {
			isa = PBXGroup;
			children = (
				40AFCC0D2C0A848100A60EE7 /* Follower.swift */,
				40AFCC0F2C0A86CF00A60EE7 /* User.swift */,
			);
			path = Models;
			sourceTree = "<group>";
		};
		40AFCC112C0A95D100A60EE7 /* Managers */ = {
			isa = PBXGroup;
			children = (
				40AFCC122C0A95F400A60EE7 /* NetworkManager.swift */,
			);
			path = Managers;
			sourceTree = "<group>";
		};
		40C676D12C0094DC006B64F8 = {
			isa = PBXGroup;
			children = (
				40C676DC2C0094DC006B64F8 /* GHFollowers */,
				40C676DB2C0094DC006B64F8 /* Products */,
			);
			sourceTree = "<group>";
		};
		40C676DB2C0094DC006B64F8 /* Products */ = {
			isa = PBXGroup;
			children = (
				40C676DA2C0094DC006B64F8 /* GHFollowers.app */,
			);
			name = Products;
			sourceTree = "<group>";
		};
		40C676DC2C0094DC006B64F8 /* GHFollowers */ = {
			isa = PBXGroup;
			children = (
				4035C8062C0D6790002BE09C /* Utilities */,
				405EBE9E2C090CF600A46C5D /* Extensions */,
				40AFCC112C0A95D100A60EE7 /* Managers */,
				40AFCC0C2C0A846900A60EE7 /* Models */,
				405EBE902C01CF1500A46C5D /* Custom Views */,
				4045F6152C0189CE00422790 /* Screens */,
				405EBE9F2C0912DA00A46C5D /* Support */,
				40C676EE2C0094DF006B64F8 /* Info.plist */,
			);
			path = GHFollowers;
			sourceTree = "<group>";
		};
/* End PBXGroup section */

/* Begin PBXNativeTarget section */
		40C676D92C0094DC006B64F8 /* GHFollowers */ = {
			isa = PBXNativeTarget;
			buildConfigurationList = 40C676F12C0094DF006B64F8 /* Build configuration list for PBXNativeTarget "GHFollowers" */;
			buildPhases = (
				40C676D62C0094DC006B64F8 /* Sources */,
				40C676D72C0094DC006B64F8 /* Frameworks */,
				40C676D82C0094DC006B64F8 /* Resources */,
			);
			buildRules = (
			);
			dependencies = (
			);
			name = GHFollowers;
			productName = GHFollowers;
			productReference = 40C676DA2C0094DC006B64F8 /* GHFollowers.app */;
			productType = "com.apple.product-type.application";
		};
/* End PBXNativeTarget section */

/* Begin PBXProject section */
		40C676D22C0094DC006B64F8 /* Project object */ = {
			isa = PBXProject;
			attributes = {
				BuildIndependentTargetsInParallel = 1;
				LastSwiftUpdateCheck = 1530;
				LastUpgradeCheck = 1530;
				TargetAttributes = {
					40C676D92C0094DC006B64F8 = {
						CreatedOnToolsVersion = 15.3;
					};
				};
			};
			buildConfigurationList = 40C676D52C0094DC006B64F8 /* Build configuration list for PBXProject "GHFollowers" */;
			compatibilityVersion = "Xcode 14.0";
			developmentRegion = en;
			hasScannedForEncodings = 0;
			knownRegions = (
				en,
				Base,
			);
			mainGroup = 40C676D12C0094DC006B64F8;
			productRefGroup = 40C676DB2C0094DC006B64F8 /* Products */;
			projectDirPath = "";
			projectRoot = "";
			targets = (
				40C676D92C0094DC006B64F8 /* GHFollowers */,
			);
		};
/* End PBXProject section */

/* Begin PBXResourcesBuildPhase section */
		40C676D82C0094DC006B64F8 /* Resources */ = {
			isa = PBXResourcesBuildPhase;
			buildActionMask = 2147483647;
			files = (
				40C676EA2C0094DF006B64F8 /* Assets.xcassets in Resources */,
				40C676ED2C0094DF006B64F8 /* Base in Resources */,
			);
			runOnlyForDeploymentPostprocessing = 0;
		};
/* End PBXResourcesBuildPhase section */

/* Begin PBXSourcesBuildPhase section */
		40C676D62C0094DC006B64F8 /* Sources */ = {
			isa = PBXSourcesBuildPhase;
			buildActionMask = 2147483647;
			files = (
				405EBE9A2C068C6700A46C5D /* GFAlertContainerView.swift in Sources */,
				40AFCC0E2C0A848100A60EE7 /* Follower.swift in Sources */,
				403E450A2C1E39F40021EA1D /* GFItemInfoSuperClassVC.swift in Sources */,
				405EBE9C2C0906F600A46C5D /* UIViewController+Ext.swift in Sources */,
				4035C80B2C0D73CD002BE09C /* FollowerCell.swift in Sources */,
				40C676F72C018006006B64F8 /* SearchVC.swift in Sources */,
				406889D02C19EF2A0064DA4C /* GFUserInfoHeaderChildVC.swift in Sources */,
				4035C8082C0D67E9002BE09C /* ErrorMessage.swift in Sources */,
				40BD42362C1CC3BB00CE5C55 /* Constants.swift in Sources */,
				40AFCC102C0A86CF00A60EE7 /* User.swift in Sources */,
				40C676E82C0094DC006B64F8 /* GHFollowers.xcdatamodeld in Sources */,
				4045F6172C01978500422790 /* GFButton.swift in Sources */,
				40C676F92C018073006B64F8 /* FavoritesListVC.swift in Sources */,
				40C676DE2C0094DC006B64F8 /* AppDelegate.swift in Sources */,
				403E45082C1E270F0021EA1D /* GFItemInfoView.swift in Sources */,
				405EBE982C068A9B00A46C5D /* GFAlertChildVC.swift in Sources */,
				40AFCC132C0A95F400A60EE7 /* NetworkManager.swift in Sources */,
				406889D22C19F0BC0064DA4C /* GFSecondaryTitleLabel.swift in Sources */,
				40C676E02C0094DC006B64F8 /* SceneDelegate.swift in Sources */,
				405EBE942C06868600A46C5D /* GFTitleLabel.swift in Sources */,
				40B47B032C13D2DA00412814 /* GFEmptyStateView.swift in Sources */,
				40AFCC0B2C0A830A00A60EE7 /* 0. regular expressions.swift in Sources */,
				403E450C2C1E3F6D0021EA1D /* FollowerListVC.swift in Sources */,
				4035C80D2C0D754B002BE09C /* GFAvatarImageView.swift in Sources */,
				40074C662C179C9600BEB1A4 /* UserInfoVC.swift in Sources */,
				405EBE8F2C01C58F00A46C5D /* GFTextField.swift in Sources */,
				405EBE962C06891400A46C5D /* GFBodyLabel.swift in Sources */,
				4035C80F2C102836002BE09C /* UIHelper.swift in Sources */,
			);
			runOnlyForDeploymentPostprocessing = 0;
		};
/* End PBXSourcesBuildPhase section */

/* Begin PBXVariantGroup section */
		40C676EB2C0094DF006B64F8 /* LaunchScreen.storyboard */ = {
			isa = PBXVariantGroup;
			children = (
				40C676EC2C0094DF006B64F8 /* Base */,
			);
			name = LaunchScreen.storyboard;
			sourceTree = "<group>";
		};
/* End PBXVariantGroup section */

/* Begin XCBuildConfiguration section */
		40C676EF2C0094DF006B64F8 /* Debug */ = {
			isa = XCBuildConfiguration;
			buildSettings = {
				ALWAYS_SEARCH_USER_PATHS = NO;
				ASSETCATALOG_COMPILER_GENERATE_SWIFT_ASSET_SYMBOL_EXTENSIONS = YES;
				CLANG_ANALYZER_NONNULL = YES;
				CLANG_ANALYZER_NUMBER_OBJECT_CONVERSION = YES_AGGRESSIVE;
				CLANG_CXX_LANGUAGE_STANDARD = "gnu++20";
				CLANG_ENABLE_MODULES = YES;
				CLANG_ENABLE_OBJC_ARC = YES;
				CLANG_ENABLE_OBJC_WEAK = YES;
				CLANG_WARN_BLOCK_CAPTURE_AUTORELEASING = YES;
				CLANG_WARN_BOOL_CONVERSION = YES;
				CLANG_WARN_COMMA = YES;
				CLANG_WARN_CONSTANT_CONVERSION = YES;
				CLANG_WARN_DEPRECATED_OBJC_IMPLEMENTATIONS = YES;
				CLANG_WARN_DIRECT_OBJC_ISA_USAGE = YES_ERROR;
				CLANG_WARN_DOCUMENTATION_COMMENTS = YES;
				CLANG_WARN_EMPTY_BODY = YES;
				CLANG_WARN_ENUM_CONVERSION = YES;
				CLANG_WARN_INFINITE_RECURSION = YES;
				CLANG_WARN_INT_CONVERSION = YES;
				CLANG_WARN_NON_LITERAL_NULL_CONVERSION = YES;
				CLANG_WARN_OBJC_IMPLICIT_RETAIN_SELF = YES;
				CLANG_WARN_OBJC_LITERAL_CONVERSION = YES;
				CLANG_WARN_OBJC_ROOT_CLASS = YES_ERROR;
				CLANG_WARN_QUOTED_INCLUDE_IN_FRAMEWORK_HEADER = YES;
				CLANG_WARN_RANGE_LOOP_ANALYSIS = YES;
				CLANG_WARN_STRICT_PROTOTYPES = YES;
				CLANG_WARN_SUSPICIOUS_MOVE = YES;
				CLANG_WARN_UNGUARDED_AVAILABILITY = YES_AGGRESSIVE;
				CLANG_WARN_UNREACHABLE_CODE = YES;
				CLANG_WARN__DUPLICATE_METHOD_MATCH = YES;
				COPY_PHASE_STRIP = NO;
				DEBUG_INFORMATION_FORMAT = dwarf;
				ENABLE_STRICT_OBJC_MSGSEND = YES;
				ENABLE_TESTABILITY = YES;
				ENABLE_USER_SCRIPT_SANDBOXING = YES;
				GCC_C_LANGUAGE_STANDARD = gnu17;
				GCC_DYNAMIC_NO_PIC = NO;
				GCC_NO_COMMON_BLOCKS = YES;
				GCC_OPTIMIZATION_LEVEL = 0;
				GCC_PREPROCESSOR_DEFINITIONS = (
					"DEBUG=1",
					"$(inherited)",
				);
				GCC_WARN_64_TO_32_BIT_CONVERSION = YES;
				GCC_WARN_ABOUT_RETURN_TYPE = YES_ERROR;
				GCC_WARN_UNDECLARED_SELECTOR = YES;
				GCC_WARN_UNINITIALIZED_AUTOS = YES_AGGRESSIVE;
				GCC_WARN_UNUSED_FUNCTION = YES;
				GCC_WARN_UNUSED_VARIABLE = YES;
				IPHONEOS_DEPLOYMENT_TARGET = 17.4;
				LOCALIZATION_PREFERS_STRING_CATALOGS = YES;
				MTL_ENABLE_DEBUG_INFO = INCLUDE_SOURCE;
				MTL_FAST_MATH = YES;
				ONLY_ACTIVE_ARCH = YES;
				SDKROOT = iphoneos;
				SWIFT_ACTIVE_COMPILATION_CONDITIONS = "DEBUG $(inherited)";
				SWIFT_OPTIMIZATION_LEVEL = "-Onone";
			};
			name = Debug;
		};
		40C676F02C0094DF006B64F8 /* Release */ = {
			isa = XCBuildConfiguration;
			buildSettings = {
				ALWAYS_SEARCH_USER_PATHS = NO;
				ASSETCATALOG_COMPILER_GENERATE_SWIFT_ASSET_SYMBOL_EXTENSIONS = YES;
				CLANG_ANALYZER_NONNULL = YES;
				CLANG_ANALYZER_NUMBER_OBJECT_CONVERSION = YES_AGGRESSIVE;
				CLANG_CXX_LANGUAGE_STANDARD = "gnu++20";
				CLANG_ENABLE_MODULES = YES;
				CLANG_ENABLE_OBJC_ARC = YES;
				CLANG_ENABLE_OBJC_WEAK = YES;
				CLANG_WARN_BLOCK_CAPTURE_AUTORELEASING = YES;
				CLANG_WARN_BOOL_CONVERSION = YES;
				CLANG_WARN_COMMA = YES;
				CLANG_WARN_CONSTANT_CONVERSION = YES;
				CLANG_WARN_DEPRECATED_OBJC_IMPLEMENTATIONS = YES;
				CLANG_WARN_DIRECT_OBJC_ISA_USAGE = YES_ERROR;
				CLANG_WARN_DOCUMENTATION_COMMENTS = YES;
				CLANG_WARN_EMPTY_BODY = YES;
				CLANG_WARN_ENUM_CONVERSION = YES;
				CLANG_WARN_INFINITE_RECURSION = YES;
				CLANG_WARN_INT_CONVERSION = YES;
				CLANG_WARN_NON_LITERAL_NULL_CONVERSION = YES;
				CLANG_WARN_OBJC_IMPLICIT_RETAIN_SELF = YES;
				CLANG_WARN_OBJC_LITERAL_CONVERSION = YES;
				CLANG_WARN_OBJC_ROOT_CLASS = YES_ERROR;
				CLANG_WARN_QUOTED_INCLUDE_IN_FRAMEWORK_HEADER = YES;
				CLANG_WARN_RANGE_LOOP_ANALYSIS = YES;
				CLANG_WARN_STRICT_PROTOTYPES = YES;
				CLANG_WARN_SUSPICIOUS_MOVE = YES;
				CLANG_WARN_UNGUARDED_AVAILABILITY = YES_AGGRESSIVE;
				CLANG_WARN_UNREACHABLE_CODE = YES;
				CLANG_WARN__DUPLICATE_METHOD_MATCH = YES;
				COPY_PHASE_STRIP = NO;
				DEBUG_INFORMATION_FORMAT = "dwarf-with-dsym";
				ENABLE_NS_ASSERTIONS = NO;
				ENABLE_STRICT_OBJC_MSGSEND = YES;
				ENABLE_USER_SCRIPT_SANDBOXING = YES;
				GCC_C_LANGUAGE_STANDARD = gnu17;
				GCC_NO_COMMON_BLOCKS = YES;
				GCC_WARN_64_TO_32_BIT_CONVERSION = YES;
				GCC_WARN_ABOUT_RETURN_TYPE = YES_ERROR;
				GCC_WARN_UNDECLARED_SELECTOR = YES;
				GCC_WARN_UNINITIALIZED_AUTOS = YES_AGGRESSIVE;
				GCC_WARN_UNUSED_FUNCTION = YES;
				GCC_WARN_UNUSED_VARIABLE = YES;
				IPHONEOS_DEPLOYMENT_TARGET = 17.4;
				LOCALIZATION_PREFERS_STRING_CATALOGS = YES;
				MTL_ENABLE_DEBUG_INFO = NO;
				MTL_FAST_MATH = YES;
				SDKROOT = iphoneos;
				SWIFT_COMPILATION_MODE = wholemodule;
				VALIDATE_PRODUCT = YES;
			};
			name = Release;
		};
		40C676F22C0094DF006B64F8 /* Debug */ = {
			isa = XCBuildConfiguration;
			buildSettings = {
				ASSETCATALOG_COMPILER_APPICON_NAME = AppIcon;
				ASSETCATALOG_COMPILER_GLOBAL_ACCENT_COLOR_NAME = AccentColor;
				CODE_SIGN_STYLE = Automatic;
				CURRENT_PROJECT_VERSION = 1;
				DEVELOPMENT_TEAM = M9MT23QW7V;
				GENERATE_INFOPLIST_FILE = YES;
				INFOPLIST_FILE = GHFollowers/Info.plist;
				INFOPLIST_KEY_UIApplicationSupportsIndirectInputEvents = YES;
				INFOPLIST_KEY_UILaunchStoryboardName = LaunchScreen;
				INFOPLIST_KEY_UISupportedInterfaceOrientations = UIInterfaceOrientationPortrait;
				LD_RUNPATH_SEARCH_PATHS = (
					"$(inherited)",
					"@executable_path/Frameworks",
				);
				MARKETING_VERSION = 1.0;
				PRODUCT_BUNDLE_IDENTIFIER = noahpope.GHFollowers;
				PRODUCT_NAME = "$(TARGET_NAME)";
				SWIFT_EMIT_LOC_STRINGS = YES;
				SWIFT_VERSION = 5.0;
				TARGETED_DEVICE_FAMILY = "1,2";
			};
			name = Debug;
		};
		40C676F32C0094DF006B64F8 /* Release */ = {
			isa = XCBuildConfiguration;
			buildSettings = {
				ASSETCATALOG_COMPILER_APPICON_NAME = AppIcon;
				ASSETCATALOG_COMPILER_GLOBAL_ACCENT_COLOR_NAME = AccentColor;
				CODE_SIGN_STYLE = Automatic;
				CURRENT_PROJECT_VERSION = 1;
				DEVELOPMENT_TEAM = M9MT23QW7V;
				GENERATE_INFOPLIST_FILE = YES;
				INFOPLIST_FILE = GHFollowers/Info.plist;
				INFOPLIST_KEY_UIApplicationSupportsIndirectInputEvents = YES;
				INFOPLIST_KEY_UILaunchStoryboardName = LaunchScreen;
				INFOPLIST_KEY_UISupportedInterfaceOrientations = UIInterfaceOrientationPortrait;
				LD_RUNPATH_SEARCH_PATHS = (
					"$(inherited)",
					"@executable_path/Frameworks",
				);
				MARKETING_VERSION = 1.0;
				PRODUCT_BUNDLE_IDENTIFIER = noahpope.GHFollowers;
				PRODUCT_NAME = "$(TARGET_NAME)";
				SWIFT_EMIT_LOC_STRINGS = YES;
				SWIFT_VERSION = 5.0;
				TARGETED_DEVICE_FAMILY = "1,2";
			};
			name = Release;
		};
/* End XCBuildConfiguration section */

/* Begin XCConfigurationList section */
		40C676D52C0094DC006B64F8 /* Build configuration list for PBXProject "GHFollowers" */ = {
			isa = XCConfigurationList;
			buildConfigurations = (
				40C676EF2C0094DF006B64F8 /* Debug */,
				40C676F02C0094DF006B64F8 /* Release */,
			);
			defaultConfigurationIsVisible = 0;
			defaultConfigurationName = Release;
		};
		40C676F12C0094DF006B64F8 /* Build configuration list for PBXNativeTarget "GHFollowers" */ = {
			isa = XCConfigurationList;
			buildConfigurations = (
				40C676F22C0094DF006B64F8 /* Debug */,
				40C676F32C0094DF006B64F8 /* Release */,
			);
			defaultConfigurationIsVisible = 0;
			defaultConfigurationName = Release;
		};
/* End XCConfigurationList section */

/* Begin XCVersionGroup section */
		40C676E62C0094DC006B64F8 /* GHFollowers.xcdatamodeld */ = {
			isa = XCVersionGroup;
			children = (
				40C676E72C0094DC006B64F8 /* GHFollowers.xcdatamodel */,
			);
			currentVersion = 40C676E72C0094DC006B64F8 /* GHFollowers.xcdatamodel */;
			path = GHFollowers.xcdatamodeld;
			sourceTree = "<group>";
			versionGroupType = wrapper.xcdatamodel;
		};
/* End XCVersionGroup section */
	};
	rootObject = 40C676D22C0094DC006B64F8 /* Project object */;
}
